// !$*UTF8*$!
{
	archiveVersion = 1;
	classes = {
	};
	objectVersion = 48;
	objects = {

/* Begin PBXBuildFile section */
		3C19C0AC20F3261300CC355E /* AppDelegate.swift in Sources */ = {isa = PBXBuildFile; fileRef = 3C19C0AB20F3261300CC355E /* AppDelegate.swift */; };
		3C19C0AE20F3261300CC355E /* ViewController.swift in Sources */ = {isa = PBXBuildFile; fileRef = 3C19C0AD20F3261300CC355E /* ViewController.swift */; };
		3C19C0B120F3261300CC355E /* Main.storyboard in Resources */ = {isa = PBXBuildFile; fileRef = 3C19C0AF20F3261300CC355E /* Main.storyboard */; };
		3C19C0B320F3261300CC355E /* Assets.xcassets in Resources */ = {isa = PBXBuildFile; fileRef = 3C19C0B220F3261300CC355E /* Assets.xcassets */; };
		3C19C0B620F3261300CC355E /* LaunchScreen.storyboard in Resources */ = {isa = PBXBuildFile; fileRef = 3C19C0B420F3261300CC355E /* LaunchScreen.storyboard */; };
		3C19C0C120F3261500CC355E /* Calculatore_DemoTests.swift in Sources */ = {isa = PBXBuildFile; fileRef = 3C19C0C020F3261500CC355E /* Calculatore_DemoTests.swift */; };
		3C19C0CC20F3261600CC355E /* Calculatore_DemoUITests.swift in Sources */ = {isa = PBXBuildFile; fileRef = 3C19C0CB20F3261600CC355E /* Calculatore_DemoUITests.swift */; };
/* End PBXBuildFile section */

/* Begin PBXContainerItemProxy section */
		3C19C0BD20F3261400CC355E /* PBXContainerItemProxy */ = {
			isa = PBXContainerItemProxy;
			containerPortal = 3C19C0A020F3261200CC355E /* Project object */;
			proxyType = 1;
			remoteGlobalIDString = 3C19C0A720F3261300CC355E;
			remoteInfo = Calculatore_Demo;
		};
		3C19C0C820F3261600CC355E /* PBXContainerItemProxy */ = {
			isa = PBXContainerItemProxy;
			containerPortal = 3C19C0A020F3261200CC355E /* Project object */;
			proxyType = 1;
			remoteGlobalIDString = 3C19C0A720F3261300CC355E;
			remoteInfo = Calculatore_Demo;
		};
/* End PBXContainerItemProxy section */

/* Begin PBXFileReference section */
		3C19C0A820F3261300CC355E /* Calculatore_Demo.app */ = {isa = PBXFileReference; explicitFileType = wrapper.application; includeInIndex = 0; path = Calculatore_Demo.app; sourceTree = BUILT_PRODUCTS_DIR; };
		3C19C0AB20F3261300CC355E /* AppDelegate.swift */ = {isa = PBXFileReference; lastKnownFileType = sourcecode.swift; path = AppDelegate.swift; sourceTree = "<group>"; };
		3C19C0AD20F3261300CC355E /* ViewController.swift */ = {isa = PBXFileReference; lastKnownFileType = sourcecode.swift; path = ViewController.swift; sourceTree = "<group>"; };
		3C19C0B020F3261300CC355E /* Base */ = {isa = PBXFileReference; lastKnownFileType = file.storyboard; name = Base; path = Base.lproj/Main.storyboard; sourceTree = "<group>"; };
		3C19C0B220F3261300CC355E /* Assets.xcassets */ = {isa = PBXFileReference; lastKnownFileType = folder.assetcatalog; path = Assets.xcassets; sourceTree = "<group>"; };
		3C19C0B520F3261300CC355E /* Base */ = {isa = PBXFileReference; lastKnownFileType = file.storyboard; name = Base; path = Base.lproj/LaunchScreen.storyboard; sourceTree = "<group>"; };
		3C19C0B720F3261300CC355E /* Info.plist */ = {isa = PBXFileReference; lastKnownFileType = text.plist.xml; path = Info.plist; sourceTree = "<group>"; };
		3C19C0BC20F3261400CC355E /* Calculatore_DemoTests.xctest */ = {isa = PBXFileReference; explicitFileType = wrapper.cfbundle; includeInIndex = 0; path = Calculatore_DemoTests.xctest; sourceTree = BUILT_PRODUCTS_DIR; };
		3C19C0C020F3261500CC355E /* Calculatore_DemoTests.swift */ = {isa = PBXFileReference; lastKnownFileType = sourcecode.swift; path = Calculatore_DemoTests.swift; sourceTree = "<group>"; };
		3C19C0C220F3261500CC355E /* Info.plist */ = {isa = PBXFileReference; lastKnownFileType = text.plist.xml; path = Info.plist; sourceTree = "<group>"; };
		3C19C0C720F3261600CC355E /* Calculatore_DemoUITests.xctest */ = {isa = PBXFileReference; explicitFileType = wrapper.cfbundle; includeInIndex = 0; path = Calculatore_DemoUITests.xctest; sourceTree = BUILT_PRODUCTS_DIR; };
		3C19C0CB20F3261600CC355E /* Calculatore_DemoUITests.swift */ = {isa = PBXFileReference; lastKnownFileType = sourcecode.swift; path = Calculatore_DemoUITests.swift; sourceTree = "<group>"; };
		3C19C0CD20F3261600CC355E /* Info.plist */ = {isa = PBXFileReference; lastKnownFileType = text.plist.xml; path = Info.plist; sourceTree = "<group>"; };
/* End PBXFileReference section */

/* Begin PBXFrameworksBuildPhase section */
		3C19C0A520F3261300CC355E /* Frameworks */ = {
			isa = PBXFrameworksBuildPhase;
			buildActionMask = 2147483647;
			files = (
			);
			runOnlyForDeploymentPostprocessing = 0;
		};
		3C19C0B920F3261400CC355E /* Frameworks */ = {
			isa = PBXFrameworksBuildPhase;
			buildActionMask = 2147483647;
			files = (
			);
			runOnlyForDeploymentPostprocessing = 0;
		};
		3C19C0C420F3261500CC355E /* Frameworks */ = {
			isa = PBXFrameworksBuildPhase;
			buildActionMask = 2147483647;
			files = (
			);
			runOnlyForDeploymentPostprocessing = 0;
		};
/* End PBXFrameworksBuildPhase section */

/* Begin PBXGroup section */
		3C19C09F20F3261200CC355E = {
			isa = PBXGroup;
			children = (
				3C19C0AA20F3261300CC355E /* Calculatore_Demo */,
				3C19C0BF20F3261400CC355E /* Calculatore_DemoTests */,
				3C19C0CA20F3261600CC355E /* Calculatore_DemoUITests */,
				3C19C0A920F3261300CC355E /* Products */,
			);
			sourceTree = "<group>";
		};
		3C19C0A920F3261300CC355E /* Products */ = {
			isa = PBXGroup;
			children = (
				3C19C0A820F3261300CC355E /* Calculatore_Demo.app */,
				3C19C0BC20F3261400CC355E /* Calculatore_DemoTests.xctest */,
				3C19C0C720F3261600CC355E /* Calculatore_DemoUITests.xctest */,
			);
			name = Products;
			sourceTree = "<group>";
		};
		3C19C0AA20F3261300CC355E /* Calculatore_Demo */ = {
			isa = PBXGroup;
			children = (
				3C19C0AB20F3261300CC355E /* AppDelegate.swift */,
				3C19C0AD20F3261300CC355E /* ViewController.swift */,
				3C19C0AF20F3261300CC355E /* Main.storyboard */,
				3C19C0B220F3261300CC355E /* Assets.xcassets */,
				3C19C0B420F3261300CC355E /* LaunchScreen.storyboard */,
				3C19C0B720F3261300CC355E /* Info.plist */,
			);
			path = Calculatore_Demo;
			sourceTree = "<group>";
		};
		3C19C0BF20F3261400CC355E /* Calculatore_DemoTests */ = {
			isa = PBXGroup;
			children = (
				3C19C0C020F3261500CC355E /* Calculatore_DemoTests.swift */,
				3C19C0C220F3261500CC355E /* Info.plist */,
			);
			path = Calculatore_DemoTests;
			sourceTree = "<group>";
		};
		3C19C0CA20F3261600CC355E /* Calculatore_DemoUITests */ = {
			isa = PBXGroup;
			children = (
				3C19C0CB20F3261600CC355E /* Calculatore_DemoUITests.swift */,
				3C19C0CD20F3261600CC355E /* Info.plist */,
			);
			path = Calculatore_DemoUITests;
			sourceTree = "<group>";
		};
/* End PBXGroup section */

/* Begin PBXNativeTarget section */
		3C19C0A720F3261300CC355E /* Calculatore_Demo */ = {
			isa = PBXNativeTarget;
			buildConfigurationList = 3C19C0D020F3261600CC355E /* Build configuration list for PBXNativeTarget "Calculatore_Demo" */;
			buildPhases = (
				3C19C0A420F3261300CC355E /* Sources */,
				3C19C0A520F3261300CC355E /* Frameworks */,
				3C19C0A620F3261300CC355E /* Resources */,
			);
			buildRules = (
			);
			dependencies = (
			);
			name = Calculatore_Demo;
			productName = Calculatore_Demo;
			productReference = 3C19C0A820F3261300CC355E /* Calculatore_Demo.app */;
			productType = "com.apple.product-type.application";
		};
		3C19C0BB20F3261400CC355E /* Calculatore_DemoTests */ = {
			isa = PBXNativeTarget;
			buildConfigurationList = 3C19C0D320F3261600CC355E /* Build configuration list for PBXNativeTarget "Calculatore_DemoTests" */;
			buildPhases = (
				3C19C0B820F3261400CC355E /* Sources */,
				3C19C0B920F3261400CC355E /* Frameworks */,
				3C19C0BA20F3261400CC355E /* Resources */,
			);
			buildRules = (
			);
			dependencies = (
				3C19C0BE20F3261400CC355E /* PBXTargetDependency */,
			);
			name = Calculatore_DemoTests;
			productName = Calculatore_DemoTests;
			productReference = 3C19C0BC20F3261400CC355E /* Calculatore_DemoTests.xctest */;
			productType = "com.apple.product-type.bundle.unit-test";
		};
		3C19C0C620F3261500CC355E /* Calculatore_DemoUITests */ = {
			isa = PBXNativeTarget;
			buildConfigurationList = 3C19C0D620F3261600CC355E /* Build configuration list for PBXNativeTarget "Calculatore_DemoUITests" */;
			buildPhases = (
				3C19C0C320F3261500CC355E /* Sources */,
				3C19C0C420F3261500CC355E /* Frameworks */,
				3C19C0C520F3261500CC355E /* Resources */,
			);
			buildRules = (
			);
			dependencies = (
				3C19C0C920F3261600CC355E /* PBXTargetDependency */,
			);
			name = Calculatore_DemoUITests;
			productName = Calculatore_DemoUITests;
			productReference = 3C19C0C720F3261600CC355E /* Calculatore_DemoUITests.xctest */;
			productType = "com.apple.product-type.bundle.ui-testing";
		};
/* End PBXNativeTarget section */

/* Begin PBXProject section */
		3C19C0A020F3261200CC355E /* Project object */ = {
			isa = PBXProject;
			attributes = {
				LastSwiftUpdateCheck = 0920;
				LastUpgradeCheck = 0920;
				ORGANIZATIONNAME = "James T";
				TargetAttributes = {
					3C19C0A720F3261300CC355E = {
						CreatedOnToolsVersion = 9.2;
						ProvisioningStyle = Automatic;
					};
					3C19C0BB20F3261400CC355E = {
						CreatedOnToolsVersion = 9.2;
						ProvisioningStyle = Automatic;
						TestTargetID = 3C19C0A720F3261300CC355E;
					};
					3C19C0C620F3261500CC355E = {
						CreatedOnToolsVersion = 9.2;
						ProvisioningStyle = Automatic;
						TestTargetID = 3C19C0A720F3261300CC355E;
					};
				};
			};
			buildConfigurationList = 3C19C0A320F3261200CC355E /* Build configuration list for PBXProject "Calculatore_Demo" */;
			compatibilityVersion = "Xcode 8.0";
			developmentRegion = en;
			hasScannedForEncodings = 0;
			knownRegions = (
				en,
				Base,
			);
			mainGroup = 3C19C09F20F3261200CC355E;
			productRefGroup = 3C19C0A920F3261300CC355E /* Products */;
			projectDirPath = "";
			projectRoot = "";
			targets = (
				3C19C0A720F3261300CC355E /* Calculatore_Demo */,
				3C19C0BB20F3261400CC355E /* Calculatore_DemoTests */,
				3C19C0C620F3261500CC355E /* Calculatore_DemoUITests */,
			);
		};
/* End PBXProject section */

/* Begin PBXResourcesBuildPhase section */
		3C19C0A620F3261300CC355E /* Resources */ = {
			isa = PBXResourcesBuildPhase;
			buildActionMask = 2147483647;
			files = (
				3C19C0B620F3261300CC355E /* LaunchScreen.storyboard in Resources */,
				3C19C0B320F3261300CC355E /* Assets.xcassets in Resources */,
				3C19C0B120F3261300CC355E /* Main.storyboard in Resources */,
			);
			runOnlyForDeploymentPostprocessing = 0;
		};
		3C19C0BA20F3261400CC355E /* Resources */ = {
			isa = PBXResourcesBuildPhase;
			buildActionMask = 2147483647;
			files = (
			);
			runOnlyForDeploymentPostprocessing = 0;
		};
		3C19C0C520F3261500CC355E /* Resources */ = {
			isa = PBXResourcesBuildPhase;
			buildActionMask = 2147483647;
			files = (
			);
			runOnlyForDeploymentPostprocessing = 0;
		};
/* End PBXResourcesBuildPhase section */

/* Begin PBXSourcesBuildPhase section */
		3C19C0A420F3261300CC355E /* Sources */ = {
			isa = PBXSourcesBuildPhase;
			buildActionMask = 2147483647;
			files = (
				3C19C0AE20F3261300CC355E /* ViewController.swift in Sources */,
				3C19C0AC20F3261300CC355E /* AppDelegate.swift in Sources */,
			);
			runOnlyForDeploymentPostprocessing = 0;
		};
		3C19C0B820F3261400CC355E /* Sources */ = {
			isa = PBXSourcesBuildPhase;
			buildActionMask = 2147483647;
			files = (
				3C19C0C120F3261500CC355E /* Calculatore_DemoTests.swift in Sources */,
			);
			runOnlyForDeploymentPostprocessing = 0;
		};
		3C19C0C320F3261500CC355E /* Sources */ = {
			isa = PBXSourcesBuildPhase;
			buildActionMask = 2147483647;
			files = (
				3C19C0CC20F3261600CC355E /* Calculatore_DemoUITests.swift in Sources */,
			);
			runOnlyForDeploymentPostprocessing = 0;
		};
/* End PBXSourcesBuildPhase section */

/* Begin PBXTargetDependency section */
		3C19C0BE20F3261400CC355E /* PBXTargetDependency */ = {
			isa = PBXTargetDependency;
			target = 3C19C0A720F3261300CC355E /* Calculatore_Demo */;
			targetProxy = 3C19C0BD20F3261400CC355E /* PBXContainerItemProxy */;
		};
		3C19C0C920F3261600CC355E /* PBXTargetDependency */ = {
			isa = PBXTargetDependency;
			target = 3C19C0A720F3261300CC355E /* Calculatore_Demo */;
			targetProxy = 3C19C0C820F3261600CC355E /* PBXContainerItemProxy */;
		};
/* End PBXTargetDependency section */

/* Begin PBXVariantGroup section */
		3C19C0AF20F3261300CC355E /* Main.storyboard */ = {
			isa = PBXVariantGroup;
			children = (
				3C19C0B020F3261300CC355E /* Base */,
			);
			name = Main.storyboard;
			sourceTree = "<group>";
		};
		3C19C0B420F3261300CC355E /* LaunchScreen.storyboard */ = {
			isa = PBXVariantGroup;
			children = (
				3C19C0B520F3261300CC355E /* Base */,
			);
			name = LaunchScreen.storyboard;
			sourceTree = "<group>";
		};
/* End PBXVariantGroup section */

/* Begin XCBuildConfiguration section */
		3C19C0CE20F3261600CC355E /* Debug */ = {
			isa = XCBuildConfiguration;
			buildSettings = {
				ALWAYS_SEARCH_USER_PATHS = NO;
				CLANG_ANALYZER_NONNULL = YES;
				CLANG_ANALYZER_NUMBER_OBJECT_CONVERSION = YES_AGGRESSIVE;
				CLANG_CXX_LANGUAGE_STANDARD = "gnu++14";
				CLANG_CXX_LIBRARY = "libc++";
				CLANG_ENABLE_MODULES = YES;
				CLANG_ENABLE_OBJC_ARC = YES;
				CLANG_WARN_BLOCK_CAPTURE_AUTORELEASING = YES;
				CLANG_WARN_BOOL_CONVERSION = YES;
				CLANG_WARN_COMMA = YES;
				CLANG_WARN_CONSTANT_CONVERSION = YES;
				CLANG_WARN_DIRECT_OBJC_ISA_USAGE = YES_ERROR;
				CLANG_WARN_DOCUMENTATION_COMMENTS = YES;
				CLANG_WARN_EMPTY_BODY = YES;
				CLANG_WARN_ENUM_CONVERSION = YES;
				CLANG_WARN_INFINITE_RECURSION = YES;
				CLANG_WARN_INT_CONVERSION = YES;
				CLANG_WARN_NON_LITERAL_NULL_CONVERSION = YES;
				CLANG_WARN_OBJC_LITERAL_CONVERSION = YES;
				CLANG_WARN_OBJC_ROOT_CLASS = YES_ERROR;
				CLANG_WARN_RANGE_LOOP_ANALYSIS = YES;
				CLANG_WARN_STRICT_PROTOTYPES = YES;
				CLANG_WARN_SUSPICIOUS_MOVE = YES;
				CLANG_WARN_UNGUARDED_AVAILABILITY = YES_AGGRESSIVE;
				CLANG_WARN_UNREACHABLE_CODE = YES;
				CLANG_WARN__DUPLICATE_METHOD_MATCH = YES;
				CODE_SIGN_IDENTITY = "iPhone Developer";
				COPY_PHASE_STRIP = NO;
				DEBUG_INFORMATION_FORMAT = dwarf;
				ENABLE_STRICT_OBJC_MSGSEND = YES;
				ENABLE_TESTABILITY = YES;
				GCC_C_LANGUAGE_STANDARD = gnu11;
				GCC_DYNAMIC_NO_PIC = NO;
				GCC_NO_COMMON_BLOCKS = YES;
				GCC_OPTIMIZATION_LEVEL = 0;
				GCC_PREPROCESSOR_DEFINITIONS = (
					"DEBUG=1",
					"$(inherited)",
				);
				GCC_WARN_64_TO_32_BIT_CONVERSION = YES;
				GCC_WARN_ABOUT_RETURN_TYPE = YES_ERROR;
				GCC_WARN_UNDECLARED_SELECTOR = YES;
				GCC_WARN_UNINITIALIZED_AUTOS = YES_AGGRESSIVE;
				GCC_WARN_UNUSED_FUNCTION = YES;
				GCC_WARN_UNUSED_VARIABLE = YES;
				IPHONEOS_DEPLOYMENT_TARGET = 11.2;
				MTL_ENABLE_DEBUG_INFO = YES;
				ONLY_ACTIVE_ARCH = YES;
				SDKROOT = iphoneos;
				SWIFT_ACTIVE_COMPILATION_CONDITIONS = DEBUG;
				SWIFT_OPTIMIZATION_LEVEL = "-Onone";
			};
			name = Debug;
		};
		3C19C0CF20F3261600CC355E /* Release */ = {
			isa = XCBuildConfiguration;
			buildSettings = {
				ALWAYS_SEARCH_USER_PATHS = NO;
				CLANG_ANALYZER_NONNULL = YES;
				CLANG_ANALYZER_NUMBER_OBJECT_CONVERSION = YES_AGGRESSIVE;
				CLANG_CXX_LANGUAGE_STANDARD = "gnu++14";
				CLANG_CXX_LIBRARY = "libc++";
				CLANG_ENABLE_MODULES = YES;
				CLANG_ENABLE_OBJC_ARC = YES;
				CLANG_WARN_BLOCK_CAPTURE_AUTORELEASING = YES;
				CLANG_WARN_BOOL_CONVERSION = YES;
				CLANG_WARN_COMMA = YES;
				CLANG_WARN_CONSTANT_CONVERSION = YES;
				CLANG_WARN_DIRECT_OBJC_ISA_USAGE = YES_ERROR;
				CLANG_WARN_DOCUMENTATION_COMMENTS = YES;
				CLANG_WARN_EMPTY_BODY = YES;
				CLANG_WARN_ENUM_CONVERSION = YES;
				CLANG_WARN_INFINITE_RECURSION = YES;
				CLANG_WARN_INT_CONVERSION = YES;
				CLANG_WARN_NON_LITERAL_NULL_CONVERSION = YES;
				CLANG_WARN_OBJC_LITERAL_CONVERSION = YES;
				CLANG_WARN_OBJC_ROOT_CLASS = YES_ERROR;
				CLANG_WARN_RANGE_LOOP_ANALYSIS = YES;
				CLANG_WARN_STRICT_PROTOTYPES = YES;
				CLANG_WARN_SUSPICIOUS_MOVE = YES;
				CLANG_WARN_UNGUARDED_AVAILABILITY = YES_AGGRESSIVE;
				CLANG_WARN_UNREACHABLE_CODE = YES;
				CLANG_WARN__DUPLICATE_METHOD_MATCH = YES;
				CODE_SIGN_IDENTITY = "iPhone Developer";
				COPY_PHASE_STRIP = NO;
				DEBUG_INFORMATION_FORMAT = "dwarf-with-dsym";
				ENABLE_NS_ASSERTIONS = NO;
				ENABLE_STRICT_OBJC_MSGSEND = YES;
				GCC_C_LANGUAGE_STANDARD = gnu11;
				GCC_NO_COMMON_BLOCKS = YES;
				GCC_WARN_64_TO_32_BIT_CONVERSION = YES;
				GCC_WARN_ABOUT_RETURN_TYPE = YES_ERROR;
				GCC_WARN_UNDECLARED_SELECTOR = YES;
				GCC_WARN_UNINITIALIZED_AUTOS = YES_AGGRESSIVE;
				GCC_WARN_UNUSED_FUNCTION = YES;
				GCC_WARN_UNUSED_VARIABLE = YES;
				IPHONEOS_DEPLOYMENT_TARGET = 11.2;
				MTL_ENABLE_DEBUG_INFO = NO;
				SDKROOT = iphoneos;
				SWIFT_OPTIMIZATION_LEVEL = "-Owholemodule";
				VALIDATE_PRODUCT = YES;
			};
			name = Release;
		};
		3C19C0D120F3261600CC355E /* Debug */ = {
			isa = XCBuildConfiguration;
			buildSettings = {
				ASSETCATALOG_COMPILER_APPICON_NAME = AppIcon;
				CODE_SIGN_STYLE = Automatic;
				INFOPLIST_FILE = Calculatore_Demo/Info.plist;
				LD_RUNPATH_SEARCH_PATHS = "$(inherited) @executable_path/Frameworks";
				PRODUCT_BUNDLE_IDENTIFIER = "com.webdesk.app.Calculatore-Demo";
				PRODUCT_NAME = "$(TARGET_NAME)";
				SWIFT_VERSION = 4.0;
				TARGETED_DEVICE_FAMILY = "1,2";
			};
			name = Debug;
		};
		3C19C0D220F3261600CC355E /* Release */ = {
			isa = XCBuildConfiguration;
			buildSettings = {
				ASSETCATALOG_COMPILER_APPICON_NAME = AppIcon;
				CODE_SIGN_STYLE = Automatic;
				INFOPLIST_FILE = Calculatore_Demo/Info.plist;
				LD_RUNPATH_SEARCH_PATHS = "$(inherited) @executable_path/Frameworks";
				PRODUCT_BUNDLE_IDENTIFIER = "com.webdesk.app.Calculatore-Demo";
				PRODUCT_NAME = "$(TARGET_NAME)";
				SWIFT_VERSION = 4.0;
				TARGETED_DEVICE_FAMILY = "1,2";
			};
			name = Release;
		};
		3C19C0D420F3261600CC355E /* Debug */ = {
			isa = XCBuildConfiguration;
			buildSettings = {
				ALWAYS_EMBED_SWIFT_STANDARD_LIBRARIES = YES;
				BUNDLE_LOADER = "$(TEST_HOST)";
				CODE_SIGN_STYLE = Automatic;
				INFOPLIST_FILE = Calculatore_DemoTests/Info.plist;
				LD_RUNPATH_SEARCH_PATHS = "$(inherited) @executable_path/Frameworks @loader_path/Frameworks";
				PRODUCT_BUNDLE_IDENTIFIER = "com.webdesk.app.Calculatore-DemoTests";
				PRODUCT_NAME = "$(TARGET_NAME)";
				SWIFT_VERSION = 4.0;
				TARGETED_DEVICE_FAMILY = "1,2";
				TEST_HOST = "$(BUILT_PRODUCTS_DIR)/Calculatore_Demo.app/Calculatore_Demo";
			};
			name = Debug;
		};
		3C19C0D520F3261600CC355E /* Release */ = {
			isa = XCBuildConfiguration;
			buildSettings = {
				ALWAYS_EMBED_SWIFT_STANDARD_LIBRARIES = YES;
				BUNDLE_LOADER = "$(TEST_HOST)";
				CODE_SIGN_STYLE = Automatic;
				INFOPLIST_FILE = Calculatore_DemoTests/Info.plist;
				LD_RUNPATH_SEARCH_PATHS = "$(inherited) @executable_path/Frameworks @loader_path/Frameworks";
				PRODUCT_BUNDLE_IDENTIFIER = "com.webdesk.app.Calculatore-DemoTests";
				PRODUCT_NAME = "$(TARGET_NAME)";
				SWIFT_VERSION = 4.0;
				TARGETED_DEVICE_FAMILY = "1,2";
				TEST_HOST = "$(BUILT_PRODUCTS_DIR)/Calculatore_Demo.app/Calculatore_Demo";
			};
			name = Release;
		};
		3C19C0D720F3261600CC355E /* Debug */ = {
			isa = XCBuildConfiguration;
			buildSettings = {
				ALWAYS_EMBED_SWIFT_STANDARD_LIBRARIES = YES;
				CODE_SIGN_STYLE = Automatic;
				INFOPLIST_FILE = Calculatore_DemoUITests/Info.plist;
				LD_RUNPATH_SEARCH_PATHS = "$(inherited) @executable_path/Frameworks @loader_path/Frameworks";
				PRODUCT_BUNDLE_IDENTIFIER = "com.webdesk.app.Calculatore-DemoUITests";
				PRODUCT_NAME = "$(TARGET_NAME)";
				SWIFT_VERSION = 4.0;
				TARGETED_DEVICE_FAMILY = "1,2";
				TEST_TARGET_NAME = Calculatore_Demo;
			};
			name = Debug;
		};
		3C19C0D820F3261600CC355E /* Release */ = {
			isa = XCBuildConfiguration;
			buildSettings = {
				ALWAYS_EMBED_SWIFT_STANDARD_LIBRARIES = YES;
				CODE_SIGN_STYLE = Automatic;
				INFOPLIST_FILE = Calculatore_DemoUITests/Info.plist;
				LD_RUNPATH_SEARCH_PATHS = "$(inherited) @executable_path/Frameworks @loader_path/Frameworks";
				PRODUCT_BUNDLE_IDENTIFIER = "com.webdesk.app.Calculatore-DemoUITests";
				PRODUCT_NAME = "$(TARGET_NAME)";
				SWIFT_VERSION = 4.0;
				TARGETED_DEVICE_FAMILY = "1,2";
				TEST_TARGET_NAME = Calculatore_Demo;
			};
			name = Release;
		};
/* End XCBuildConfiguration section */

/* Begin XCConfigurationList section */
		3C19C0A320F3261200CC355E /* Build configuration list for PBXProject "Calculatore_Demo" */ = {
			isa = XCConfigurationList;
			buildConfigurations = (
				3C19C0CE20F3261600CC355E /* Debug */,
				3C19C0CF20F3261600CC355E /* Release */,
			);
			defaultConfigurationIsVisible = 0;
			defaultConfigurationName = Release;
		};
		3C19C0D020F3261600CC355E /* Build configuration list for PBXNativeTarget "Calculatore_Demo" */ = {
			isa = XCConfigurationList;
			buildConfigurations = (
				3C19C0D120F3261600CC355E /* Debug */,
				3C19C0D220F3261600CC355E /* Release */,
			);
			defaultConfigurationIsVisible = 0;
			defaultConfigurationName = Release;
		};
		3C19C0D320F3261600CC355E /* Build configuration list for PBXNativeTarget "Calculatore_DemoTests" */ = {
			isa = XCConfigurationList;
			buildConfigurations = (
				3C19C0D420F3261600CC355E /* Debug */,
				3C19C0D520F3261600CC355E /* Release */,
			);
			defaultConfigurationIsVisible = 0;
			defaultConfigurationName = Release;
		};
		3C19C0D620F3261600CC355E /* Build configuration list for PBXNativeTarget "Calculatore_DemoUITests" */ = {
			isa = XCConfigurationList;
			buildConfigurations = (
				3C19C0D720F3261600CC355E /* Debug */,
				3C19C0D820F3261600CC355E /* Release */,
			);
			defaultConfigurationIsVisible = 0;
			defaultConfigurationName = Release;
		};
/* End XCConfigurationList section */
	};
	rootObject = 3C19C0A020F3261200CC355E /* Project object */;
}
